SITE
  remote: https://supermarket.getchef.com/api/v1
  specs:
    apache2 (3.1.0)
    apt (2.7.0)
    aws (2.7.1)
    build-essential (2.2.3)
    chef-sugar (3.1.0)
    chef_handler (1.1.9)
    cpu (0.2.0)
    database (2.3.0)
      aws (>= 0.0.0)
      mysql (>= 5.0.0)
      mysql-chef_gem (>= 0.0.0)
      postgresql (>= 1.0.0)
      xfs (>= 0.0.0)
    gzip (0.1.0)
    haproxy (1.6.6)
      build-essential (>= 0.0.0)
      cpu (>= 0.2.0)
    hhvm (0.6.0)
      apt (>= 0.0.0)
      yum (>= 0.0.0)
    iis (4.1.1)
      windows (>= 1.34.6)
    memcached (1.8.0)
      runit (~> 1.0)
      yum (~> 3.0)
      yum-epel (>= 0.0.0)
    mysql (5.6.3)
      yum-mysql-community (>= 0.0.0)
    mysql-chef_gem (0.0.4)
      build-essential (>= 0.0.0)
      mysql (>= 0.0.0)
    openssl (4.0.0)
      chef-sugar (>= 0.0.0)
    packagecloud (0.0.19)
    php (1.5.0)
      build-essential (>= 0.0.0)
      iis (>= 0.0.0)
      mysql (>= 0.0.0)
      windows (>= 0.0.0)
      xml (>= 0.0.0)
      yum-epel (>= 0.0.0)
    php-fpm (0.7.4)
      apt (>= 0.0.0)
      yum (>= 3.0)
    postgresql (3.4.20)
      apt (>= 1.9.0)
      build-essential (>= 0.0.0)
      openssl (~> 4.0.0)
    runit (1.7.2)
      packagecloud (>= 0.0.0)
    s3cmd (0.0.1)
    windows (1.37.0)
      chef_handler (>= 0.0.0)
    xfs (1.1.0)
    xml (1.2.13)
      build-essential (>= 0.0.0)
      chef-sugar (>= 0.0.0)
    yum (3.6.1)
    yum-epel (0.6.0)
      yum (~> 3.0)
    yum-mysql-community (0.1.17)
      yum (>= 3.0)

DEPENDENCIES
  apache2 (>= 0)
  apt (>= 0)
  aws (>= 0)
  database (= 2.3.0)
  gzip (~> 0.1.0)
  haproxy (= 1.6.6)
  hhvm (~> 0.6.0)
  memcached (~> 1.8.0)
  mysql (~> 5.6.1)
  mysql-chef_gem (= 0.0.4)
  openssl (>= 0)
  php (>= 0)
  php-fpm (>= 0)
  s3cmd (>= 0)

